// !$*UTF8*$!
{
	archiveVersion = 1;
	classes = {
	};
	objectVersion = 50;
	objects = {

/* Begin PBXBuildFile section */
		F1015CC1242F513F008E2A46 /* AppDelegate.swift in Sources */ = {isa = PBXBuildFile; fileRef = F1015CC0242F513E008E2A46 /* AppDelegate.swift */; };
		F1015CC3242F513F008E2A46 /* SceneDelegate.swift in Sources */ = {isa = PBXBuildFile; fileRef = F1015CC2242F513F008E2A46 /* SceneDelegate.swift */; };
		F1015CC5242F513F008E2A46 /* ViewController.swift in Sources */ = {isa = PBXBuildFile; fileRef = F1015CC4242F513F008E2A46 /* ViewController.swift */; };
		F1015CC8242F513F008E2A46 /* Main.storyboard in Resources */ = {isa = PBXBuildFile; fileRef = F1015CC6242F513F008E2A46 /* Main.storyboard */; };
		F1015CCA242F5144008E2A46 /* Assets.xcassets in Resources */ = {isa = PBXBuildFile; fileRef = F1015CC9242F5144008E2A46 /* Assets.xcassets */; };
		F1015CCD242F5144008E2A46 /* LaunchScreen.storyboard in Resources */ = {isa = PBXBuildFile; fileRef = F1015CCB242F5144008E2A46 /* LaunchScreen.storyboard */; };
		F1015CD5242F515D008E2A46 /* AppleAuthHelper.swift in Sources */ = {isa = PBXBuildFile; fileRef = F1015CD4242F515D008E2A46 /* AppleAuthHelper.swift */; };
/* End PBXBuildFile section */

/* Begin PBXFileReference section */
		F1015CBD242F513E008E2A46 /* SignInWithApple.app */ = {isa = PBXFileReference; explicitFileType = wrapper.application; includeInIndex = 0; path = SignInWithApple.app; sourceTree = BUILT_PRODUCTS_DIR; };
		F1015CC0242F513E008E2A46 /* AppDelegate.swift */ = {isa = PBXFileReference; lastKnownFileType = sourcecode.swift; path = AppDelegate.swift; sourceTree = "<group>"; };
		F1015CC2242F513F008E2A46 /* SceneDelegate.swift */ = {isa = PBXFileReference; lastKnownFileType = sourcecode.swift; path = SceneDelegate.swift; sourceTree = "<group>"; };
		F1015CC4242F513F008E2A46 /* ViewController.swift */ = {isa = PBXFileReference; lastKnownFileType = sourcecode.swift; path = ViewController.swift; sourceTree = "<group>"; };
		F1015CC7242F513F008E2A46 /* Base */ = {isa = PBXFileReference; lastKnownFileType = file.storyboard; name = Base; path = Base.lproj/Main.storyboard; sourceTree = "<group>"; };
		F1015CC9242F5144008E2A46 /* Assets.xcassets */ = {isa = PBXFileReference; lastKnownFileType = folder.assetcatalog; path = Assets.xcassets; sourceTree = "<group>"; };
		F1015CCC242F5144008E2A46 /* Base */ = {isa = PBXFileReference; lastKnownFileType = file.storyboard; name = Base; path = Base.lproj/LaunchScreen.storyboard; sourceTree = "<group>"; };
		F1015CCE242F5144008E2A46 /* Info.plist */ = {isa = PBXFileReference; lastKnownFileType = text.plist.xml; path = Info.plist; sourceTree = "<group>"; };
		F1015CD4242F515D008E2A46 /* AppleAuthHelper.swift */ = {isa = PBXFileReference; fileEncoding = 4; lastKnownFileType = sourcecode.swift; path = AppleAuthHelper.swift; sourceTree = "<group>"; };
		F1015CD6242F51B3008E2A46 /* SignInWithApple.entitlements */ = {isa = PBXFileReference; lastKnownFileType = text.plist.entitlements; path = SignInWithApple.entitlements; sourceTree = "<group>"; };
/* End PBXFileReference section */

/* Begin PBXFrameworksBuildPhase section */
		F1015CBA242F513E008E2A46 /* Frameworks */ = {
			isa = PBXFrameworksBuildPhase;
			buildActionMask = 2147483647;
			files = (
			);
			runOnlyForDeploymentPostprocessing = 0;
		};
/* End PBXFrameworksBuildPhase section */

/* Begin PBXGroup section */
		F1015CB4242F513E008E2A46 = {
			isa = PBXGroup;
			children = (
				F1015CBF242F513E008E2A46 /* SignInWithApple */,
				F1015CBE242F513E008E2A46 /* Products */,
			);
			sourceTree = "<group>";
		};
		F1015CBE242F513E008E2A46 /* Products */ = {
			isa = PBXGroup;
			children = (
				F1015CBD242F513E008E2A46 /* SignInWithApple.app */,
			);
			name = Products;
			sourceTree = "<group>";
		};
		F1015CBF242F513E008E2A46 /* SignInWithApple */ = {
			isa = PBXGroup;
			children = (
				F1015CD6242F51B3008E2A46 /* SignInWithApple.entitlements */,
				F1015CD4242F515D008E2A46 /* AppleAuthHelper.swift */,
				F1015CC0242F513E008E2A46 /* AppDelegate.swift */,
				F1015CC2242F513F008E2A46 /* SceneDelegate.swift */,
				F1015CC4242F513F008E2A46 /* ViewController.swift */,
				F1015CC6242F513F008E2A46 /* Main.storyboard */,
				F1015CC9242F5144008E2A46 /* Assets.xcassets */,
				F1015CCB242F5144008E2A46 /* LaunchScreen.storyboard */,
				F1015CCE242F5144008E2A46 /* Info.plist */,
			);
			path = SignInWithApple;
			sourceTree = "<group>";
		};
/* End PBXGroup section */

/* Begin PBXNativeTarget section */
		F1015CBC242F513E008E2A46 /* SignInWithApple */ = {
			isa = PBXNativeTarget;
			buildConfigurationList = F1015CD1242F5144008E2A46 /* Build configuration list for PBXNativeTarget "SignInWithApple" */;
			buildPhases = (
				F1015CB9242F513E008E2A46 /* Sources */,
				F1015CBA242F513E008E2A46 /* Frameworks */,
				F1015CBB242F513E008E2A46 /* Resources */,
			);
			buildRules = (
			);
			dependencies = (
			);
			name = SignInWithApple;
			productName = SignInWithApple;
			productReference = F1015CBD242F513E008E2A46 /* SignInWithApple.app */;
			productType = "com.apple.product-type.application";
		};
/* End PBXNativeTarget section */

/* Begin PBXProject section */
		F1015CB5242F513E008E2A46 /* Project object */ = {
			isa = PBXProject;
			attributes = {
				LastSwiftUpdateCheck = 1130;
				LastUpgradeCheck = 1130;
				ORGANIZATIONNAME = "Mohd Tahir";
				TargetAttributes = {
					F1015CBC242F513E008E2A46 = {
						CreatedOnToolsVersion = 11.3;
					};
				};
			};
			buildConfigurationList = F1015CB8242F513E008E2A46 /* Build configuration list for PBXProject "SignInWithApple" */;
			compatibilityVersion = "Xcode 9.3";
			developmentRegion = en;
			hasScannedForEncodings = 0;
			knownRegions = (
				en,
				Base,
			);
			mainGroup = F1015CB4242F513E008E2A46;
			productRefGroup = F1015CBE242F513E008E2A46 /* Products */;
			projectDirPath = "";
			projectRoot = "";
			targets = (
				F1015CBC242F513E008E2A46 /* SignInWithApple */,
			);
		};
/* End PBXProject section */

/* Begin PBXResourcesBuildPhase section */
		F1015CBB242F513E008E2A46 /* Resources */ = {
			isa = PBXResourcesBuildPhase;
			buildActionMask = 2147483647;
			files = (
				F1015CCD242F5144008E2A46 /* LaunchScreen.storyboard in Resources */,
				F1015CCA242F5144008E2A46 /* Assets.xcassets in Resources */,
				F1015CC8242F513F008E2A46 /* Main.storyboard in Resources */,
			);
			runOnlyForDeploymentPostprocessing = 0;
		};
/* End PBXResourcesBuildPhase section */

/* Begin PBXSourcesBuildPhase section */
		F1015CB9242F513E008E2A46 /* Sources */ = {
			isa = PBXSourcesBuildPhase;
			buildActionMask = 2147483647;
			files = (
				F1015CD5242F515D008E2A46 /* AppleAuthHelper.swift in Sources */,
				F1015CC5242F513F008E2A46 /* ViewController.swift in Sources */,
				F1015CC1242F513F008E2A46 /* AppDelegate.swift in Sources */,
				F1015CC3242F513F008E2A46 /* SceneDelegate.swift in Sources */,
			);
			runOnlyForDeploymentPostprocessing = 0;
		};
/* End PBXSourcesBuildPhase section */

/* Begin PBXVariantGroup section */
		F1015CC6242F513F008E2A46 /* Main.storyboard */ = {
			isa = PBXVariantGroup;
			children = (
				F1015CC7242F513F008E2A46 /* Base */,
			);
			name = Main.storyboard;
			sourceTree = "<group>";
		};
		F1015CCB242F5144008E2A46 /* LaunchScreen.storyboard */ = {
			isa = PBXVariantGroup;
			children = (
				F1015CCC242F5144008E2A46 /* Base */,
			);
			name = LaunchScreen.storyboard;
			sourceTree = "<group>";
		};
/* End PBXVariantGroup section */

/* Begin XCBuildConfiguration section */
		F1015CCF242F5144008E2A46 /* Debug */ = {
			isa = XCBuildConfiguration;
			buildSettings = {
				ALWAYS_SEARCH_USER_PATHS = NO;
				CLANG_ANALYZER_NONNULL = YES;
				CLANG_ANALYZER_NUMBER_OBJECT_CONVERSION = YES_AGGRESSIVE;
				CLANG_CXX_LANGUAGE_STANDARD = "gnu++14";
				CLANG_CXX_LIBRARY = "libc++";
				CLANG_ENABLE_MODULES = YES;
				CLANG_ENABLE_OBJC_ARC = YES;
				CLANG_ENABLE_OBJC_WEAK = YES;
				CLANG_WARN_BLOCK_CAPTURE_AUTORELEASING = YES;
				CLANG_WARN_BOOL_CONVERSION = YES;
				CLANG_WARN_COMMA = YES;
				CLANG_WARN_CONSTANT_CONVERSION = YES;
				CLANG_WARN_DEPRECATED_OBJC_IMPLEMENTATIONS = YES;
				CLANG_WARN_DIRECT_OBJC_ISA_USAGE = YES_ERROR;
				CLANG_WARN_DOCUMENTATION_COMMENTS = YES;
				CLANG_WARN_EMPTY_BODY = YES;
				CLANG_WARN_ENUM_CONVERSION = YES;
				CLANG_WARN_INFINITE_RECURSION = YES;
				CLANG_WARN_INT_CONVERSION = YES;
				CLANG_WARN_NON_LITERAL_NULL_CONVERSION = YES;
				CLANG_WARN_OBJC_IMPLICIT_RETAIN_SELF = YES;
				CLANG_WARN_OBJC_LITERAL_CONVERSION = YES;
				CLANG_WARN_OBJC_ROOT_CLASS = YES_ERROR;
				CLANG_WARN_RANGE_LOOP_ANALYSIS = YES;
				CLANG_WARN_STRICT_PROTOTYPES = YES;
				CLANG_WARN_SUSPICIOUS_MOVE = YES;
				CLANG_WARN_UNGUARDED_AVAILABILITY = YES_AGGRESSIVE;
				CLANG_WARN_UNREACHABLE_CODE = YES;
				CLANG_WARN__DUPLICATE_METHOD_MATCH = YES;
				COPY_PHASE_STRIP = NO;
				DEBUG_INFORMATION_FORMAT = dwarf;
				ENABLE_STRICT_OBJC_MSGSEND = YES;
				ENABLE_TESTABILITY = YES;
				GCC_C_LANGUAGE_STANDARD = gnu11;
				GCC_DYNAMIC_NO_PIC = NO;
				GCC_NO_COMMON_BLOCKS = YES;
				GCC_OPTIMIZATION_LEVEL = 0;
				GCC_PREPROCESSOR_DEFINITIONS = (
					"DEBUG=1",
					"$(inherited)",
				);
				GCC_WARN_64_TO_32_BIT_CONVERSION = YES;
				GCC_WARN_ABOUT_RETURN_TYPE = YES_ERROR;
				GCC_WARN_UNDECLARED_SELECTOR = YES;
				GCC_WARN_UNINITIALIZED_AUTOS = YES_AGGRESSIVE;
				GCC_WARN_UNUSED_FUNCTION = YES;
				GCC_WARN_UNUSED_VARIABLE = YES;
				IPHONEOS_DEPLOYMENT_TARGET = 13.2;
				MTL_ENABLE_DEBUG_INFO = INCLUDE_SOURCE;
				MTL_FAST_MATH = YES;
				ONLY_ACTIVE_ARCH = YES;
				SDKROOT = iphoneos;
				SWIFT_ACTIVE_COMPILATION_CONDITIONS = DEBUG;
				SWIFT_OPTIMIZATION_LEVEL = "-Onone";
			};
			name = Debug;
		};
		F1015CD0242F5144008E2A46 /* Release */ = {
			isa = XCBuildConfiguration;
			buildSettings = {
				ALWAYS_SEARCH_USER_PATHS = NO;
				CLANG_ANALYZER_NONNULL = YES;
				CLANG_ANALYZER_NUMBER_OBJECT_CONVERSION = YES_AGGRESSIVE;
				CLANG_CXX_LANGUAGE_STANDARD = "gnu++14";
				CLANG_CXX_LIBRARY = "libc++";
				CLANG_ENABLE_MODULES = YES;
				CLANG_ENABLE_OBJC_ARC = YES;
				CLANG_ENABLE_OBJC_WEAK = YES;
				CLANG_WARN_BLOCK_CAPTURE_AUTORELEASING = YES;
				CLANG_WARN_BOOL_CONVERSION = YES;
				CLANG_WARN_COMMA = YES;
				CLANG_WARN_CONSTANT_CONVERSION = YES;
				CLANG_WARN_DEPRECATED_OBJC_IMPLEMENTATIONS = YES;
				CLANG_WARN_DIRECT_OBJC_ISA_USAGE = YES_ERROR;
				CLANG_WARN_DOCUMENTATION_COMMENTS = YES;
				CLANG_WARN_EMPTY_BODY = YES;
				CLANG_WARN_ENUM_CONVERSION = YES;
				CLANG_WARN_INFINITE_RECURSION = YES;
				CLANG_WARN_INT_CONVERSION = YES;
				CLANG_WARN_NON_LITERAL_NULL_CONVERSION = YES;
				CLANG_WARN_OBJC_IMPLICIT_RETAIN_SELF = YES;
				CLANG_WARN_OBJC_LITERAL_CONVERSION = YES;
				CLANG_WARN_OBJC_ROOT_CLASS = YES_ERROR;
				CLANG_WARN_RANGE_LOOP_ANALYSIS = YES;
				CLANG_WARN_STRICT_PROTOTYPES = YES;
				CLANG_WARN_SUSPICIOUS_MOVE = YES;
				CLANG_WARN_UNGUARDED_AVAILABILITY = YES_AGGRESSIVE;
				CLANG_WARN_UNREACHABLE_CODE = YES;
				CLANG_WARN__DUPLICATE_METHOD_MATCH = YES;
				COPY_PHASE_STRIP = NO;
				DEBUG_INFORMATION_FORMAT = "dwarf-with-dsym";
				ENABLE_NS_ASSERTIONS = NO;
				ENABLE_STRICT_OBJC_MSGSEND = YES;
				GCC_C_LANGUAGE_STANDARD = gnu11;
				GCC_NO_COMMON_BLOCKS = YES;
				GCC_WARN_64_TO_32_BIT_CONVERSION = YES;
				GCC_WARN_ABOUT_RETURN_TYPE = YES_ERROR;
				GCC_WARN_UNDECLARED_SELECTOR = YES;
				GCC_WARN_UNINITIALIZED_AUTOS = YES_AGGRESSIVE;
				GCC_WARN_UNUSED_FUNCTION = YES;
				GCC_WARN_UNUSED_VARIABLE = YES;
				IPHONEOS_DEPLOYMENT_TARGET = 13.2;
				MTL_ENABLE_DEBUG_INFO = NO;
				MTL_FAST_MATH = YES;
				SDKROOT = iphoneos;
				SWIFT_COMPILATION_MODE = wholemodule;
				SWIFT_OPTIMIZATION_LEVEL = "-O";
				VALIDATE_PRODUCT = YES;
			};
			name = Release;
		};
		F1015CD2242F5144008E2A46 /* Debug */ = {
			isa = XCBuildConfiguration;
			buildSettings = {
				ASSETCATALOG_COMPILER_APPICON_NAME = AppIcon;
				CODE_SIGN_ENTITLEMENTS = SignInWithApple/SignInWithApple.entitlements;
				CODE_SIGN_STYLE = Manual;
				DEVELOPMENT_TEAM = "";
				INFOPLIST_FILE = SignInWithApple/Info.plist;
				LD_RUNPATH_SEARCH_PATHS = (
					"$(inherited)",
					"@executable_path/Frameworks",
				);
				PRODUCT_BUNDLE_IDENTIFIER = com.mohdTahir.SignInWithApple;
				PRODUCT_NAME = "$(TARGET_NAME)";
				PROVISIONING_PROFILE_SPECIFIER = "";
				SWIFT_VERSION = 5.0;
				TARGETED_DEVICE_FAMILY = "1,2";
			};
			name = Debug;
		};
		F1015CD3242F5144008E2A46 /* Release */ = {
			isa = XCBuildConfiguration;
			buildSettings = {
				ASSETCATALOG_COMPILER_APPICON_NAME = AppIcon;
				CODE_SIGN_ENTITLEMENTS = SignInWithApple/SignInWithApple.entitlements;
				CODE_SIGN_STYLE = Manual;
				DEVELOPMENT_TEAM = "";
				INFOPLIST_FILE = SignInWithApple/Info.plist;
				LD_RUNPATH_SEARCH_PATHS = (
					"$(inherited)",
					"@executable_path/Frameworks",
				);
				PRODUCT_BUNDLE_IDENTIFIER = com.mohdTahir.SignInWithApple;
				PRODUCT_NAME = "$(TARGET_NAME)";
				PROVISIONING_PROFILE_SPECIFIER = "";
				SWIFT_VERSION = 5.0;
				TARGETED_DEVICE_FAMILY = "1,2";
			};
			name = Release;
		};
/* End XCBuildConfiguration section */

/* Begin XCConfigurationList section */
		F1015CB8242F513E008E2A46 /* Build configuration list for PBXProject "SignInWithApple" */ = {
			isa = XCConfigurationList;
			buildConfigurations = (
				F1015CCF242F5144008E2A46 /* Debug */,
				F1015CD0242F5144008E2A46 /* Release */,
			);
			defaultConfigurationIsVisible = 0;
			defaultConfigurationName = Release;
		};
		F1015CD1242F5144008E2A46 /* Build configuration list for PBXNativeTarget "SignInWithApple" */ = {
			isa = XCConfigurationList;
			buildConfigurations = (
				F1015CD2242F5144008E2A46 /* Debug */,
				F1015CD3242F5144008E2A46 /* Release */,
			);
			defaultConfigurationIsVisible = 0;
			defaultConfigurationName = Release;
		};
/* End XCConfigurationList section */
	};
	rootObject = F1015CB5242F513E008E2A46 /* Project object */;
}
